{
  "name": "client",
  "lockfileVersion": 3,
  "requires": true,
  "packages": {
    "": {
      "name": "client",
      "dependencies": {
        "minigame-api-typings": "^3.8.11"
      }
    },
    "node_modules/minigame-api-typings": {
      "version": "3.8.11",
      "resolved": "https://registry.npmjs.org/minigame-api-typings/-/minigame-api-typings-3.8.11.tgz",
      "integrity": "sha512-e3BnW0dCyOoVwABCmKJjjfCofLyaYq8u0CSDOcAct1YsVoBf03ZOAIHT240HGJKrUETKObCPcJFYd2+J4OgTEA=="
    }
  }
}
